// !$*UTF8*$!
{
	archiveVersion = 1;
	classes = {
	};
	objectVersion = 46;
	objects = {

/* Begin PBXBuildFile section */
		4104F9831E8DFC4400518089 /* AppDelegate.swift in Sources */ = {isa = PBXBuildFile; fileRef = 4104F9821E8DFC4400518089 /* AppDelegate.swift */; };
		4104F9881E8DFC4400518089 /* Main.storyboard in Resources */ = {isa = PBXBuildFile; fileRef = 4104F9861E8DFC4400518089 /* Main.storyboard */; };
		4104F98A1E8DFC4400518089 /* Assets.xcassets in Resources */ = {isa = PBXBuildFile; fileRef = 4104F9891E8DFC4400518089 /* Assets.xcassets */; };
		4105E3E41EADC344005F2851 /* RemainderCalc.swift in Sources */ = {isa = PBXBuildFile; fileRef = 4105E3E31EADC344005F2851 /* RemainderCalc.swift */; };
		41395C101E9CD92E00A2095D /* XIPaddingButton.swift in Sources */ = {isa = PBXBuildFile; fileRef = 41395C0F1E9CD92E00A2095D /* XIPaddingButton.swift */; };
		413CA2141EA5F34F00D98587 /* Localizable.strings in Resources */ = {isa = PBXBuildFile; fileRef = 413CA2161EA5F34F00D98587 /* Localizable.strings */; };
		414CF68A1EB8AB7100148A5D /* Model.xcdatamodeld in Sources */ = {isa = PBXBuildFile; fileRef = 414CF6881EB8AB7100148A5D /* Model.xcdatamodeld */; };
		4167D2D21E94C0A9008B24BF /* MainViewController.swift in Sources */ = {isa = PBXBuildFile; fileRef = 4167D2D11E94C0A9008B24BF /* MainViewController.swift */; };
		4167D2D51E94D5AB008B24BF /* AdModDef.swift in Sources */ = {isa = PBXBuildFile; fileRef = 4167D2D31E94D5AB008B24BF /* AdModDef.swift */; };
		4167D2D61E94D5AB008B24BF /* AdModMgr.swift in Sources */ = {isa = PBXBuildFile; fileRef = 4167D2D41E94D5AB008B24BF /* AdModMgr.swift */; };
		417471AE1EA71CAD00A0BDF6 /* InfoPlist.strings in Resources */ = {isa = PBXBuildFile; fileRef = 417471B01EA71CAD00A0BDF6 /* InfoPlist.strings */; };
		4175CD791EC45B09006E01EA /* HistoryTableViewController.swift in Sources */ = {isa = PBXBuildFile; fileRef = 4175CD781EC45B09006E01EA /* HistoryTableViewController.swift */; };
		4187130D1EC1865400691173 /* ModelMgr.swift in Sources */ = {isa = PBXBuildFile; fileRef = 4187130C1EC1865400691173 /* ModelMgr.swift */; };
		41A51B7F1E9DF2F6009A3A41 /* XIPaddingLabel.swift in Sources */ = {isa = PBXBuildFile; fileRef = 41A51B7E1E9DF2F6009A3A41 /* XIPaddingLabel.swift */; };
		41D2CF281E962964000468AE /* CommonUtility.swift in Sources */ = {isa = PBXBuildFile; fileRef = 41D2CF271E962964000468AE /* CommonUtility.swift */; };
		B4D5EF321803ACE6F645BDBB /* Pods_RemainderCalc.framework in Frameworks */ = {isa = PBXBuildFile; fileRef = 692E19AA60325F8A1E7C2ED9 /* Pods_RemainderCalc.framework */; };
/* End PBXBuildFile section */

/* Begin PBXFileReference section */
		4104F97F1E8DFC4400518089 /* RemainderCalc.app */ = {isa = PBXFileReference; explicitFileType = wrapper.application; includeInIndex = 0; path = RemainderCalc.app; sourceTree = BUILT_PRODUCTS_DIR; };
		4104F9821E8DFC4400518089 /* AppDelegate.swift */ = {isa = PBXFileReference; lastKnownFileType = sourcecode.swift; path = AppDelegate.swift; sourceTree = "<group>"; };
		4104F9871E8DFC4400518089 /* Base */ = {isa = PBXFileReference; lastKnownFileType = file.storyboard; name = Base; path = Base.lproj/Main.storyboard; sourceTree = "<group>"; };
		4104F9891E8DFC4400518089 /* Assets.xcassets */ = {isa = PBXFileReference; lastKnownFileType = folder.assetcatalog; path = Assets.xcassets; sourceTree = "<group>"; };
		4104F98E1E8DFC4400518089 /* Info.plist */ = {isa = PBXFileReference; lastKnownFileType = text.plist.xml; path = Info.plist; sourceTree = "<group>"; };
		4105E3E31EADC344005F2851 /* RemainderCalc.swift */ = {isa = PBXFileReference; fileEncoding = 4; lastKnownFileType = sourcecode.swift; path = RemainderCalc.swift; sourceTree = "<group>"; };
		41395C0F1E9CD92E00A2095D /* XIPaddingButton.swift */ = {isa = PBXFileReference; fileEncoding = 4; lastKnownFileType = sourcecode.swift; path = XIPaddingButton.swift; sourceTree = "<group>"; };
		413CA2171EA5F35200D98587 /* Base */ = {isa = PBXFileReference; lastKnownFileType = text.plist.strings; name = Base; path = Base.lproj/Localizable.strings; sourceTree = "<group>"; };
		414CF6891EB8AB7100148A5D /* Model.xcdatamodel */ = {isa = PBXFileReference; lastKnownFileType = wrapper.xcdatamodel; path = Model.xcdatamodel; sourceTree = "<group>"; };
		4167D2D11E94C0A9008B24BF /* MainViewController.swift */ = {isa = PBXFileReference; fileEncoding = 4; lastKnownFileType = sourcecode.swift; path = MainViewController.swift; sourceTree = "<group>"; };
		4167D2D31E94D5AB008B24BF /* AdModDef.swift */ = {isa = PBXFileReference; fileEncoding = 4; lastKnownFileType = sourcecode.swift; path = AdModDef.swift; sourceTree = "<group>"; };
		4167D2D41E94D5AB008B24BF /* AdModMgr.swift */ = {isa = PBXFileReference; fileEncoding = 4; lastKnownFileType = sourcecode.swift; path = AdModMgr.swift; sourceTree = "<group>"; };
		417471AF1EA71CAD00A0BDF6 /* ja */ = {isa = PBXFileReference; lastKnownFileType = text.plist.strings; name = ja; path = ja.lproj/InfoPlist.strings; sourceTree = "<group>"; };
		417471B11EA71CAF00A0BDF6 /* Base */ = {isa = PBXFileReference; lastKnownFileType = text.plist.strings; name = Base; path = Base.lproj/InfoPlist.strings; sourceTree = "<group>"; };
		417471B31EA71DE500A0BDF6 /* ja */ = {isa = PBXFileReference; lastKnownFileType = text.plist.strings; name = ja; path = ja.lproj/Localizable.strings; sourceTree = "<group>"; };
		417471B41EA71EE900A0BDF6 /* en */ = {isa = PBXFileReference; lastKnownFileType = text.plist.strings; name = en; path = en.lproj/InfoPlist.strings; sourceTree = "<group>"; };
		4175CD781EC45B09006E01EA /* HistoryTableViewController.swift */ = {isa = PBXFileReference; fileEncoding = 4; lastKnownFileType = sourcecode.swift; path = HistoryTableViewController.swift; sourceTree = "<group>"; };
		4187130C1EC1865400691173 /* ModelMgr.swift */ = {isa = PBXFileReference; fileEncoding = 4; lastKnownFileType = sourcecode.swift; path = ModelMgr.swift; sourceTree = "<group>"; };
		41A51B7E1E9DF2F6009A3A41 /* XIPaddingLabel.swift */ = {isa = PBXFileReference; fileEncoding = 4; lastKnownFileType = sourcecode.swift; path = XIPaddingLabel.swift; sourceTree = "<group>"; };
		41D2CF271E962964000468AE /* CommonUtility.swift */ = {isa = PBXFileReference; fileEncoding = 4; lastKnownFileType = sourcecode.swift; path = CommonUtility.swift; sourceTree = "<group>"; };
		692E19AA60325F8A1E7C2ED9 /* Pods_RemainderCalc.framework */ = {isa = PBXFileReference; explicitFileType = wrapper.framework; includeInIndex = 0; path = Pods_RemainderCalc.framework; sourceTree = BUILT_PRODUCTS_DIR; };
		C71268394E619387BBC32184 /* Pods-RemainderCalc.debug.xcconfig */ = {isa = PBXFileReference; includeInIndex = 1; lastKnownFileType = text.xcconfig; name = "Pods-RemainderCalc.debug.xcconfig"; path = "Pods/Target Support Files/Pods-RemainderCalc/Pods-RemainderCalc.debug.xcconfig"; sourceTree = "<group>"; };
		DB1C766011113F6AA66E3148 /* Pods-RemainderCalc.release.xcconfig */ = {isa = PBXFileReference; includeInIndex = 1; lastKnownFileType = text.xcconfig; name = "Pods-RemainderCalc.release.xcconfig"; path = "Pods/Target Support Files/Pods-RemainderCalc/Pods-RemainderCalc.release.xcconfig"; sourceTree = "<group>"; };
/* End PBXFileReference section */

/* Begin PBXFrameworksBuildPhase section */
		4104F97C1E8DFC4300518089 /* Frameworks */ = {
			isa = PBXFrameworksBuildPhase;
			buildActionMask = 2147483647;
			files = (
				B4D5EF321803ACE6F645BDBB /* Pods_RemainderCalc.framework in Frameworks */,
			);
			runOnlyForDeploymentPostprocessing = 0;
		};
/* End PBXFrameworksBuildPhase section */

/* Begin PBXGroup section */
		11549DE6557D17CA8A56C89E /* Frameworks */ = {
			isa = PBXGroup;
			children = (
				692E19AA60325F8A1E7C2ED9 /* Pods_RemainderCalc.framework */,
			);
			name = Frameworks;
			sourceTree = "<group>";
		};
		4104F9761E8DFC4300518089 = {
			isa = PBXGroup;
			children = (
				4104F9811E8DFC4400518089 /* RemainderCalc */,
				4104F9801E8DFC4400518089 /* Products */,
				6108D5CFE50C4662A413F528 /* Pods */,
				11549DE6557D17CA8A56C89E /* Frameworks */,
			);
			sourceTree = "<group>";
		};
		4104F9801E8DFC4400518089 /* Products */ = {
			isa = PBXGroup;
			children = (
				4104F97F1E8DFC4400518089 /* RemainderCalc.app */,
			);
			name = Products;
			sourceTree = "<group>";
		};
		4104F9811E8DFC4400518089 /* RemainderCalc */ = {
			isa = PBXGroup;
			children = (
				4167D2D31E94D5AB008B24BF /* AdModDef.swift */,
				4167D2D41E94D5AB008B24BF /* AdModMgr.swift */,
				4104F9821E8DFC4400518089 /* AppDelegate.swift */,
				4167D2D11E94C0A9008B24BF /* MainViewController.swift */,
				4175CD781EC45B09006E01EA /* HistoryTableViewController.swift */,
				41D2CF271E962964000468AE /* CommonUtility.swift */,
				41395C0F1E9CD92E00A2095D /* XIPaddingButton.swift */,
				41A51B7E1E9DF2F6009A3A41 /* XIPaddingLabel.swift */,
				4105E3E31EADC344005F2851 /* RemainderCalc.swift */,
				4104F9861E8DFC4400518089 /* Main.storyboard */,
				4187130C1EC1865400691173 /* ModelMgr.swift */,
				414CF6881EB8AB7100148A5D /* Model.xcdatamodeld */,
				4104F98E1E8DFC4400518089 /* Info.plist */,
				413CA2161EA5F34F00D98587 /* Localizable.strings */,
				417471B01EA71CAD00A0BDF6 /* InfoPlist.strings */,
				4104F9891E8DFC4400518089 /* Assets.xcassets */,
			);
			path = RemainderCalc;
			sourceTree = "<group>";
		};
		6108D5CFE50C4662A413F528 /* Pods */ = {
			isa = PBXGroup;
			children = (
				C71268394E619387BBC32184 /* Pods-RemainderCalc.debug.xcconfig */,
				DB1C766011113F6AA66E3148 /* Pods-RemainderCalc.release.xcconfig */,
			);
			name = Pods;
			sourceTree = "<group>";
		};
/* End PBXGroup section */

/* Begin PBXNativeTarget section */
		4104F97E1E8DFC4300518089 /* RemainderCalc */ = {
			isa = PBXNativeTarget;
			buildConfigurationList = 4104F9911E8DFC4400518089 /* Build configuration list for PBXNativeTarget "RemainderCalc" */;
			buildPhases = (
				2E6D6E169EED084CC11825C7 /* [CP] Check Pods Manifest.lock */,
				4104F97B1E8DFC4300518089 /* Sources */,
				4104F97C1E8DFC4300518089 /* Frameworks */,
				4104F97D1E8DFC4300518089 /* Resources */,
				B64C5A519C42E8324634A8B1 /* [CP] Embed Pods Frameworks */,
				989B0510E14FFBC5E03BC453 /* [CP] Copy Pods Resources */,
			);
			buildRules = (
			);
			dependencies = (
			);
			name = RemainderCalc;
			productName = RemainderCalc;
			productReference = 4104F97F1E8DFC4400518089 /* RemainderCalc.app */;
			productType = "com.apple.product-type.application";
		};
/* End PBXNativeTarget section */

/* Begin PBXProject section */
		4104F9771E8DFC4300518089 /* Project object */ = {
			isa = PBXProject;
			attributes = {
				LastSwiftUpdateCheck = 0820;
				LastUpgradeCheck = 0820;
				ORGANIZATIONNAME = xinext;
				TargetAttributes = {
					4104F97E1E8DFC4300518089 = {
						CreatedOnToolsVersion = 8.2;
						DevelopmentTeam = 6N89BHW7Q5;
						ProvisioningStyle = Automatic;
					};
				};
			};
			buildConfigurationList = 4104F97A1E8DFC4300518089 /* Build configuration list for PBXProject "RemainderCalc" */;
			compatibilityVersion = "Xcode 3.2";
			developmentRegion = English;
			hasScannedForEncodings = 0;
			knownRegions = (
				en,
				Base,
				ja,
			);
			mainGroup = 4104F9761E8DFC4300518089;
			productRefGroup = 4104F9801E8DFC4400518089 /* Products */;
			projectDirPath = "";
			projectRoot = "";
			targets = (
				4104F97E1E8DFC4300518089 /* RemainderCalc */,
			);
		};
/* End PBXProject section */

/* Begin PBXResourcesBuildPhase section */
		4104F97D1E8DFC4300518089 /* Resources */ = {
			isa = PBXResourcesBuildPhase;
			buildActionMask = 2147483647;
			files = (
				413CA2141EA5F34F00D98587 /* Localizable.strings in Resources */,
				4104F98A1E8DFC4400518089 /* Assets.xcassets in Resources */,
				4104F9881E8DFC4400518089 /* Main.storyboard in Resources */,
				417471AE1EA71CAD00A0BDF6 /* InfoPlist.strings in Resources */,
			);
			runOnlyForDeploymentPostprocessing = 0;
		};
/* End PBXResourcesBuildPhase section */

/* Begin PBXShellScriptBuildPhase section */
		2E6D6E169EED084CC11825C7 /* [CP] Check Pods Manifest.lock */ = {
			isa = PBXShellScriptBuildPhase;
			buildActionMask = 2147483647;
			files = (
			);
			inputPaths = (
			);
			name = "[CP] Check Pods Manifest.lock";
			outputPaths = (
			);
			runOnlyForDeploymentPostprocessing = 0;
			shellPath = /bin/sh;
			shellScript = "diff \"${PODS_PODFILE_DIR_PATH}/Podfile.lock\" \"${PODS_ROOT}/Manifest.lock\" > /dev/null\nif [ $? != 0 ] ; then\n    # print error to STDERR\n    echo \"error: The sandbox is not in sync with the Podfile.lock. Run 'pod install' or update your CocoaPods installation.\" >&2\n    exit 1\nfi\n";
			showEnvVarsInLog = 0;
		};
		989B0510E14FFBC5E03BC453 /* [CP] Copy Pods Resources */ = {
			isa = PBXShellScriptBuildPhase;
			buildActionMask = 2147483647;
			files = (
			);
			inputPaths = (
			);
			name = "[CP] Copy Pods Resources";
			outputPaths = (
			);
			runOnlyForDeploymentPostprocessing = 0;
			shellPath = /bin/sh;
			shellScript = "\"${SRCROOT}/Pods/Target Support Files/Pods-RemainderCalc/Pods-RemainderCalc-resources.sh\"\n";
			showEnvVarsInLog = 0;
		};
		B64C5A519C42E8324634A8B1 /* [CP] Embed Pods Frameworks */ = {
			isa = PBXShellScriptBuildPhase;
			buildActionMask = 2147483647;
			files = (
			);
			inputPaths = (
			);
			name = "[CP] Embed Pods Frameworks";
			outputPaths = (
			);
			runOnlyForDeploymentPostprocessing = 0;
			shellPath = /bin/sh;
			shellScript = "\"${SRCROOT}/Pods/Target Support Files/Pods-RemainderCalc/Pods-RemainderCalc-frameworks.sh\"\n";
			showEnvVarsInLog = 0;
		};
/* End PBXShellScriptBuildPhase section */

/* Begin PBXSourcesBuildPhase section */
		4104F97B1E8DFC4300518089 /* Sources */ = {
			isa = PBXSourcesBuildPhase;
			buildActionMask = 2147483647;
			files = (
				4187130D1EC1865400691173 /* ModelMgr.swift in Sources */,
				4167D2D61E94D5AB008B24BF /* AdModMgr.swift in Sources */,
				4167D2D21E94C0A9008B24BF /* MainViewController.swift in Sources */,
				4167D2D51E94D5AB008B24BF /* AdModDef.swift in Sources */,
				41D2CF281E962964000468AE /* CommonUtility.swift in Sources */,
				41395C101E9CD92E00A2095D /* XIPaddingButton.swift in Sources */,
				4104F9831E8DFC4400518089 /* AppDelegate.swift in Sources */,
				4175CD791EC45B09006E01EA /* HistoryTableViewController.swift in Sources */,
				414CF68A1EB8AB7100148A5D /* Model.xcdatamodeld in Sources */,
				4105E3E41EADC344005F2851 /* RemainderCalc.swift in Sources */,
				41A51B7F1E9DF2F6009A3A41 /* XIPaddingLabel.swift in Sources */,
			);
			runOnlyForDeploymentPostprocessing = 0;
		};
/* End PBXSourcesBuildPhase section */

/* Begin PBXVariantGroup section */
		4104F9861E8DFC4400518089 /* Main.storyboard */ = {
			isa = PBXVariantGroup;
			children = (
				4104F9871E8DFC4400518089 /* Base */,
			);
			name = Main.storyboard;
			sourceTree = "<group>";
		};
		413CA2161EA5F34F00D98587 /* Localizable.strings */ = {
			isa = PBXVariantGroup;
			children = (
				413CA2171EA5F35200D98587 /* Base */,
				417471B31EA71DE500A0BDF6 /* ja */,
			);
			name = Localizable.strings;
			sourceTree = "<group>";
		};
		417471B01EA71CAD00A0BDF6 /* InfoPlist.strings */ = {
			isa = PBXVariantGroup;
			children = (
				417471AF1EA71CAD00A0BDF6 /* ja */,
				417471B11EA71CAF00A0BDF6 /* Base */,
				417471B41EA71EE900A0BDF6 /* en */,
			);
			name = InfoPlist.strings;
			sourceTree = "<group>";
		};
/* End PBXVariantGroup section */

/* Begin XCBuildConfiguration section */
		4104F98F1E8DFC4400518089 /* Debug */ = {
			isa = XCBuildConfiguration;
			buildSettings = {
				ALWAYS_SEARCH_USER_PATHS = NO;
				CLANG_ANALYZER_LOCALIZABILITY_NONLOCALIZED = YES;
				CLANG_ANALYZER_NONNULL = YES;
				CLANG_CXX_LANGUAGE_STANDARD = "gnu++0x";
				CLANG_CXX_LIBRARY = "libc++";
				CLANG_ENABLE_MODULES = YES;
				CLANG_ENABLE_OBJC_ARC = YES;
				CLANG_WARN_BOOL_CONVERSION = YES;
				CLANG_WARN_CONSTANT_CONVERSION = YES;
				CLANG_WARN_DIRECT_OBJC_ISA_USAGE = YES_ERROR;
				CLANG_WARN_DOCUMENTATION_COMMENTS = YES;
				CLANG_WARN_EMPTY_BODY = YES;
				CLANG_WARN_ENUM_CONVERSION = YES;
				CLANG_WARN_INFINITE_RECURSION = YES;
				CLANG_WARN_INT_CONVERSION = YES;
				CLANG_WARN_OBJC_ROOT_CLASS = YES_ERROR;
				CLANG_WARN_SUSPICIOUS_MOVE = YES;
				CLANG_WARN_UNREACHABLE_CODE = YES;
				CLANG_WARN__DUPLICATE_METHOD_MATCH = YES;
				"CODE_SIGN_IDENTITY[sdk=iphoneos*]" = "iPhone Developer";
				COPY_PHASE_STRIP = NO;
				DEBUG_INFORMATION_FORMAT = dwarf;
				ENABLE_STRICT_OBJC_MSGSEND = YES;
				ENABLE_TESTABILITY = YES;
				GCC_C_LANGUAGE_STANDARD = gnu99;
				GCC_DYNAMIC_NO_PIC = NO;
				GCC_NO_COMMON_BLOCKS = YES;
				GCC_OPTIMIZATION_LEVEL = 0;
				GCC_PREPROCESSOR_DEFINITIONS = (
					"DEBUG=1",
					"$(inherited)",
				);
				GCC_WARN_64_TO_32_BIT_CONVERSION = YES;
				GCC_WARN_ABOUT_RETURN_TYPE = YES_ERROR;
				GCC_WARN_UNDECLARED_SELECTOR = YES;
				GCC_WARN_UNINITIALIZED_AUTOS = YES_AGGRESSIVE;
				GCC_WARN_UNUSED_FUNCTION = YES;
				GCC_WARN_UNUSED_VARIABLE = YES;
				IPHONEOS_DEPLOYMENT_TARGET = 10.0;
				MTL_ENABLE_DEBUG_INFO = YES;
				ONLY_ACTIVE_ARCH = YES;
				SDKROOT = iphoneos;
				SWIFT_ACTIVE_COMPILATION_CONDITIONS = DEBUG;
				SWIFT_OPTIMIZATION_LEVEL = "-Onone";
				TARGETED_DEVICE_FAMILY = "1,2";
			};
			name = Debug;
		};
		4104F9901E8DFC4400518089 /* Release */ = {
			isa = XCBuildConfiguration;
			buildSettings = {
				ALWAYS_SEARCH_USER_PATHS = NO;
				CLANG_ANALYZER_LOCALIZABILITY_NONLOCALIZED = YES;
				CLANG_ANALYZER_NONNULL = YES;
				CLANG_CXX_LANGUAGE_STANDARD = "gnu++0x";
				CLANG_CXX_LIBRARY = "libc++";
				CLANG_ENABLE_MODULES = YES;
				CLANG_ENABLE_OBJC_ARC = YES;
				CLANG_WARN_BOOL_CONVERSION = YES;
				CLANG_WARN_CONSTANT_CONVERSION = YES;
				CLANG_WARN_DIRECT_OBJC_ISA_USAGE = YES_ERROR;
				CLANG_WARN_DOCUMENTATION_COMMENTS = YES;
				CLANG_WARN_EMPTY_BODY = YES;
				CLANG_WARN_ENUM_CONVERSION = YES;
				CLANG_WARN_INFINITE_RECURSION = YES;
				CLANG_WARN_INT_CONVERSION = YES;
				CLANG_WARN_OBJC_ROOT_CLASS = YES_ERROR;
				CLANG_WARN_SUSPICIOUS_MOVE = YES;
				CLANG_WARN_UNREACHABLE_CODE = YES;
				CLANG_WARN__DUPLICATE_METHOD_MATCH = YES;
				"CODE_SIGN_IDENTITY[sdk=iphoneos*]" = "iPhone Developer";
				COPY_PHASE_STRIP = NO;
				DEBUG_INFORMATION_FORMAT = "dwarf-with-dsym";
				ENABLE_NS_ASSERTIONS = NO;
				ENABLE_STRICT_OBJC_MSGSEND = YES;
				GCC_C_LANGUAGE_STANDARD = gnu99;
				GCC_NO_COMMON_BLOCKS = YES;
				GCC_WARN_64_TO_32_BIT_CONVERSION = YES;
				GCC_WARN_ABOUT_RETURN_TYPE = YES_ERROR;
				GCC_WARN_UNDECLARED_SELECTOR = YES;
				GCC_WARN_UNINITIALIZED_AUTOS = YES_AGGRESSIVE;
				GCC_WARN_UNUSED_FUNCTION = YES;
				GCC_WARN_UNUSED_VARIABLE = YES;
				IPHONEOS_DEPLOYMENT_TARGET = 10.0;
				MTL_ENABLE_DEBUG_INFO = NO;
				SDKROOT = iphoneos;
				SWIFT_OPTIMIZATION_LEVEL = "-Owholemodule";
				TARGETED_DEVICE_FAMILY = "1,2";
				VALIDATE_PRODUCT = YES;
			};
			name = Release;
		};
		4104F9921E8DFC4400518089 /* Debug */ = {
			isa = XCBuildConfiguration;
			baseConfigurationReference = C71268394E619387BBC32184 /* Pods-RemainderCalc.debug.xcconfig */;
			buildSettings = {
				ASSETCATALOG_COMPILER_APPICON_NAME = AppIcon;
				DEVELOPMENT_TEAM = 6N89BHW7Q5;
				INFOPLIST_FILE = RemainderCalc/Info.plist;
				IPHONEOS_DEPLOYMENT_TARGET = 10.0;
				LD_RUNPATH_SEARCH_PATHS = "$(inherited) @executable_path/Frameworks";
				PRODUCT_BUNDLE_IDENTIFIER = xinext.RemainderCalc;
				PRODUCT_NAME = "$(TARGET_NAME)";
				SWIFT_VERSION = 3.0;
			};
			name = Debug;
		};
		4104F9931E8DFC4400518089 /* Release */ = {
			isa = XCBuildConfiguration;
			baseConfigurationReference = DB1C766011113F6AA66E3148 /* Pods-RemainderCalc.release.xcconfig */;
			buildSettings = {
				ASSETCATALOG_COMPILER_APPICON_NAME = AppIcon;
				DEVELOPMENT_TEAM = 6N89BHW7Q5;
				INFOPLIST_FILE = RemainderCalc/Info.plist;
				IPHONEOS_DEPLOYMENT_TARGET = 10.0;
				LD_RUNPATH_SEARCH_PATHS = "$(inherited) @executable_path/Frameworks";
				PRODUCT_BUNDLE_IDENTIFIER = xinext.RemainderCalc;
				PRODUCT_NAME = "$(TARGET_NAME)";
				SWIFT_VERSION = 3.0;
			};
			name = Release;
		};
/* End XCBuildConfiguration section */

/* Begin XCConfigurationList section */
		4104F97A1E8DFC4300518089 /* Build configuration list for PBXProject "RemainderCalc" */ = {
			isa = XCConfigurationList;
			buildConfigurations = (
				4104F98F1E8DFC4400518089 /* Debug */,
				4104F9901E8DFC4400518089 /* Release */,
			);
			defaultConfigurationIsVisible = 0;
			defaultConfigurationName = Release;
		};
		4104F9911E8DFC4400518089 /* Build configuration list for PBXNativeTarget "RemainderCalc" */ = {
			isa = XCConfigurationList;
			buildConfigurations = (
				4104F9921E8DFC4400518089 /* Debug */,
				4104F9931E8DFC4400518089 /* Release */,
			);
			defaultConfigurationIsVisible = 0;
			defaultConfigurationName = Release;
		};
/* End XCConfigurationList section */

/* Begin XCVersionGroup section */
		414CF6881EB8AB7100148A5D /* Model.xcdatamodeld */ = {
			isa = XCVersionGroup;
			children = (
				414CF6891EB8AB7100148A5D /* Model.xcdatamodel */,
			);
			currentVersion = 414CF6891EB8AB7100148A5D /* Model.xcdatamodel */;
			path = Model.xcdatamodeld;
			sourceTree = "<group>";
			versionGroupType = wrapper.xcdatamodel;
		};
/* End XCVersionGroup section */
	};
	rootObject = 4104F9771E8DFC4300518089 /* Project object */;
}
